
Microsoft Visual Studio Solution File, Format Version 12.00
Project("{FAE04EC0-301F-11D3-BF4B-00C04F79EFBC}") = "IdlePlus", "IdlePlus\IdlePlus.csproj", "{09EF1AF1-FAEB-4F9E-AC59-9476F4D43830}"
EndProject
Global
	GlobalSection(SolutionConfigurationPlatforms) = preSolution
		Debug|Any CPU = Debug|Any CPU
		Release|Any CPU = Release|Any CPU
	EndGlobalSection
	GlobalSection(ProjectConfigurationPlatforms) = postSolution
		{09EF1AF1-FAEB-4F9E-AC59-9476F4D43830}.Debug|Any CPU.ActiveCfg = Debug|Any CPU
		{09EF1AF1-FAEB-4F9E-AC59-9476F4D43830}.Debug|Any CPU.Build.0 = Debug|Any CPU
		{09EF1AF1-FAEB-4F9E-AC59-9476F4D43830}.Release|Any CPU.ActiveCfg = Release|Any CPU
		{09EF1AF1-FAEB-4F9E-AC59-9476F4D43830}.Release|Any CPU.Build.0 = Release|Any CPU
	EndGlobalSection
EndGlobal
